
Microsoft Visual Studio Solution File, Format Version 12.00
# Visual Studio Version 16
VisualStudioVersion = 16.0.30804.86
MinimumVisualStudioVersion = 10.0.40219.1
Project("{FAE04EC0-301F-11D3-BF4B-00C04F79EFBC}") = "Week 2.1", "Week 2.1\Week 2.1.csproj", "{B2E91083-259B-4F27-817D-56988FF64F1B}"
EndProject
Global
	GlobalSection(SolutionConfigurationPlatforms) = preSolution
		Debug|Any CPU = Debug|Any CPU
		Release|Any CPU = Release|Any CPU
	EndGlobalSection
	GlobalSection(ProjectConfigurationPlatforms) = postSolution
		{B2E91083-259B-4F27-817D-56988FF64F1B}.Debug|Any CPU.ActiveCfg = Debug|Any CPU
		{B2E91083-259B-4F27-817D-56988FF64F1B}.Debug|Any CPU.Build.0 = Debug|Any CPU
		{B2E91083-259B-4F27-817D-56988FF64F1B}.Release|Any CPU.ActiveCfg = Release|Any CPU
		{B2E91083-259B-4F27-817D-56988FF64F1B}.Release|Any CPU.Build.0 = Release|Any CPU
	EndGlobalSection
	GlobalSection(SolutionProperties) = preSolution
		HideSolutionNode = FALSE
	EndGlobalSection
	GlobalSection(ExtensibilityGlobals) = postSolution
		SolutionGuid = {90ED067D-326F-40B8-8579-E78E44E56C51}
	EndGlobalSection
EndGlobal
